
Microsoft Visual Studio Solution File, Format Version 12.00
# Visual Studio Version 16
VisualStudioVersion = 16.0.29827.131
MinimumVisualStudioVersion = 10.0.40219.1
Project("{9A19103F-16F7-4668-BE54-9A1E7A4F7556}") = "GeoQuery", "GeoQuery\GeoQuery.csproj", "{0222B2AF-BF4A-4731-B8EE-A2697429A8FF}"
EndProject
Project("{9A19103F-16F7-4668-BE54-9A1E7A4F7556}") = "GeoQueryTests", "GeoQueryTests\GeoQueryTests.csproj", "{24019BD7-31EB-4818-928C-5445B445D059}"
EndProject
Project("{9A19103F-16F7-4668-BE54-9A1E7A4F7556}") = "SampleApp", "SampleApp\SampleApp.csproj", "{4538AB35-4DEF-4427-A9CE-EC16B899C1C9}"
EndProject
Project("{FAE04EC0-301F-11D3-BF4B-00C04F79EFBC}") = "MyMapApp", "MyMapApp\MyMapApp.csproj", "{1C03A63C-0C87-4087-8D8A-FACE4C035308}"
EndProject
Global
	GlobalSection(SolutionConfigurationPlatforms) = preSolution
		Debug|Any CPU = Debug|Any CPU
		Release|Any CPU = Release|Any CPU
	EndGlobalSection
	GlobalSection(ProjectConfigurationPlatforms) = postSolution
		{0222B2AF-BF4A-4731-B8EE-A2697429A8FF}.Debug|Any CPU.ActiveCfg = Debug|Any CPU
		{0222B2AF-BF4A-4731-B8EE-A2697429A8FF}.Debug|Any CPU.Build.0 = Debug|Any CPU
		{0222B2AF-BF4A-4731-B8EE-A2697429A8FF}.Release|Any CPU.ActiveCfg = Release|Any CPU
		{0222B2AF-BF4A-4731-B8EE-A2697429A8FF}.Release|Any CPU.Build.0 = Release|Any CPU
		{24019BD7-31EB-4818-928C-5445B445D059}.Debug|Any CPU.ActiveCfg = Debug|Any CPU
		{24019BD7-31EB-4818-928C-5445B445D059}.Debug|Any CPU.Build.0 = Debug|Any CPU
		{24019BD7-31EB-4818-928C-5445B445D059}.Release|Any CPU.ActiveCfg = Release|Any CPU
		{24019BD7-31EB-4818-928C-5445B445D059}.Release|Any CPU.Build.0 = Release|Any CPU
		{4538AB35-4DEF-4427-A9CE-EC16B899C1C9}.Debug|Any CPU.ActiveCfg = Debug|Any CPU
		{4538AB35-4DEF-4427-A9CE-EC16B899C1C9}.Debug|Any CPU.Build.0 = Debug|Any CPU
		{4538AB35-4DEF-4427-A9CE-EC16B899C1C9}.Release|Any CPU.ActiveCfg = Release|Any CPU
		{4538AB35-4DEF-4427-A9CE-EC16B899C1C9}.Release|Any CPU.Build.0 = Release|Any CPU
		{1C03A63C-0C87-4087-8D8A-FACE4C035308}.Debug|Any CPU.ActiveCfg = Debug|Any CPU
		{1C03A63C-0C87-4087-8D8A-FACE4C035308}.Debug|Any CPU.Build.0 = Debug|Any CPU
		{1C03A63C-0C87-4087-8D8A-FACE4C035308}.Release|Any CPU.ActiveCfg = Release|Any CPU
		{1C03A63C-0C87-4087-8D8A-FACE4C035308}.Release|Any CPU.Build.0 = Release|Any CPU
	EndGlobalSection
	GlobalSection(SolutionProperties) = preSolution
		HideSolutionNode = FALSE
	EndGlobalSection
	GlobalSection(ExtensibilityGlobals) = postSolution
		SolutionGuid = {9D7D9F3D-E829-4907-A83D-54F8FD0BA665}
	EndGlobalSection
EndGlobal
